// !$*UTF8*$!
{
	archiveVersion = 1;
	classes = {
	};
	objectVersion = 48;
	objects = {

/* Begin PBXBuildFile section */
		75BB527BCC5153105D2EE965 /* Pods_Shoppr.framework in Frameworks */ = {isa = PBXBuildFile; fileRef = 8D13881110DD0803DDC5CFDC /* Pods_Shoppr.framework */; };
		FA00755720BB44EC0086857C /* itemDetailView.swift in Sources */ = {isa = PBXBuildFile; fileRef = FA00755620BB44EC0086857C /* itemDetailView.swift */; };
		FA5CF35C20B9F286009880A7 /* AppDelegate.swift in Sources */ = {isa = PBXBuildFile; fileRef = FA5CF35820B9F286009880A7 /* AppDelegate.swift */; };
		FA5CF35D20B9F286009880A7 /* Info.plist in Resources */ = {isa = PBXBuildFile; fileRef = FA5CF35920B9F286009880A7 /* Info.plist */; };
		FA5CF35E20B9F286009880A7 /* MainTVC.swift in Sources */ = {isa = PBXBuildFile; fileRef = FA5CF35A20B9F286009880A7 /* MainTVC.swift */; };
		FA5CF35F20B9F286009880A7 /* PersonalTVC.swift in Sources */ = {isa = PBXBuildFile; fileRef = FA5CF35B20B9F286009880A7 /* PersonalTVC.swift */; };
		FA5CF36420B9F2D4009880A7 /* LaunchScreen.storyboard in Resources */ = {isa = PBXBuildFile; fileRef = FA5CF36020B9F2D4009880A7 /* LaunchScreen.storyboard */; };
		FA5CF36520B9F2D4009880A7 /* Main.storyboard in Resources */ = {isa = PBXBuildFile; fileRef = FA5CF36220B9F2D4009880A7 /* Main.storyboard */; };
		FA5CF36720B9FA32009880A7 /* GoogleService-Info.plist in Resources */ = {isa = PBXBuildFile; fileRef = FA5CF36620B9FA32009880A7 /* GoogleService-Info.plist */; };
		FA5CF36920B9FACE009880A7 /* Item.swift in Sources */ = {isa = PBXBuildFile; fileRef = FA5CF36820B9FACE009880A7 /* Item.swift */; };
		FA5CF36B20B9FC30009880A7 /* ItemCell.swift in Sources */ = {isa = PBXBuildFile; fileRef = FA5CF36A20B9FC30009880A7 /* ItemCell.swift */; };
		FA5CF36D20BA2803009880A7 /* userJoin.swift in Sources */ = {isa = PBXBuildFile; fileRef = FA5CF36C20BA2803009880A7 /* userJoin.swift */; };
		FA5CF37120BA2916009880A7 /* IndividualUser.swift in Sources */ = {isa = PBXBuildFile; fileRef = FA5CF37020BA2916009880A7 /* IndividualUser.swift */; };
		FADBAAC920B9E99D007181C2 /* Assets.xcassets in Resources */ = {isa = PBXBuildFile; fileRef = FADBAAC820B9E99D007181C2 /* Assets.xcassets */; };
/* End PBXBuildFile section */

/* Begin PBXFileReference section */
		819A7AA6DAE2340428C5C73D /* Pods-Shoppr.debug.xcconfig */ = {isa = PBXFileReference; includeInIndex = 1; lastKnownFileType = text.xcconfig; name = "Pods-Shoppr.debug.xcconfig"; path = "Pods/Target Support Files/Pods-Shoppr/Pods-Shoppr.debug.xcconfig"; sourceTree = "<group>"; };
		896F7D066ED6DCAF97F73FBA /* Pods-Shoppr.release.xcconfig */ = {isa = PBXFileReference; includeInIndex = 1; lastKnownFileType = text.xcconfig; name = "Pods-Shoppr.release.xcconfig"; path = "Pods/Target Support Files/Pods-Shoppr/Pods-Shoppr.release.xcconfig"; sourceTree = "<group>"; };
		8D13881110DD0803DDC5CFDC /* Pods_Shoppr.framework */ = {isa = PBXFileReference; explicitFileType = wrapper.framework; includeInIndex = 0; path = Pods_Shoppr.framework; sourceTree = BUILT_PRODUCTS_DIR; };
		FA00755620BB44EC0086857C /* itemDetailView.swift */ = {isa = PBXFileReference; lastKnownFileType = sourcecode.swift; path = itemDetailView.swift; sourceTree = "<group>"; };
		FA5CF35720B9F285009880A7 /* Shoppr-Bridging-Header.h */ = {isa = PBXFileReference; lastKnownFileType = sourcecode.c.h; path = "Shoppr-Bridging-Header.h"; sourceTree = "<group>"; };
		FA5CF35820B9F286009880A7 /* AppDelegate.swift */ = {isa = PBXFileReference; fileEncoding = 4; lastKnownFileType = sourcecode.swift; path = AppDelegate.swift; sourceTree = "<group>"; };
		FA5CF35920B9F286009880A7 /* Info.plist */ = {isa = PBXFileReference; fileEncoding = 4; lastKnownFileType = text.plist.xml; path = Info.plist; sourceTree = "<group>"; };
		FA5CF35A20B9F286009880A7 /* MainTVC.swift */ = {isa = PBXFileReference; fileEncoding = 4; lastKnownFileType = sourcecode.swift; path = MainTVC.swift; sourceTree = "<group>"; };
		FA5CF35B20B9F286009880A7 /* PersonalTVC.swift */ = {isa = PBXFileReference; fileEncoding = 4; lastKnownFileType = sourcecode.swift; path = PersonalTVC.swift; sourceTree = "<group>"; };
		FA5CF36120B9F2D4009880A7 /* Base */ = {isa = PBXFileReference; lastKnownFileType = file.storyboard; name = Base; path = Base.lproj/LaunchScreen.storyboard; sourceTree = "<group>"; };
		FA5CF36320B9F2D4009880A7 /* Base */ = {isa = PBXFileReference; lastKnownFileType = file.storyboard; name = Base; path = Base.lproj/Main.storyboard; sourceTree = "<group>"; };
		FA5CF36620B9FA32009880A7 /* GoogleService-Info.plist */ = {isa = PBXFileReference; fileEncoding = 4; lastKnownFileType = text.plist.xml; path = "GoogleService-Info.plist"; sourceTree = "<group>"; };
		FA5CF36820B9FACE009880A7 /* Item.swift */ = {isa = PBXFileReference; lastKnownFileType = sourcecode.swift; path = Item.swift; sourceTree = "<group>"; };
		FA5CF36A20B9FC30009880A7 /* ItemCell.swift */ = {isa = PBXFileReference; lastKnownFileType = sourcecode.swift; path = ItemCell.swift; sourceTree = "<group>"; };
		FA5CF36C20BA2803009880A7 /* userJoin.swift */ = {isa = PBXFileReference; lastKnownFileType = sourcecode.swift; path = userJoin.swift; sourceTree = "<group>"; };
		FA5CF37020BA2916009880A7 /* IndividualUser.swift */ = {isa = PBXFileReference; lastKnownFileType = sourcecode.swift; name = IndividualUser.swift; path = /Users/jhuang81/Desktop/Shoppr/Shoppr/IndividualUser.swift; sourceTree = "<absolute>"; };
		FADBAABE20B9E99D007181C2 /* Shoppr.app */ = {isa = PBXFileReference; explicitFileType = wrapper.application; includeInIndex = 0; path = Shoppr.app; sourceTree = BUILT_PRODUCTS_DIR; };
		FADBAAC820B9E99D007181C2 /* Assets.xcassets */ = {isa = PBXFileReference; lastKnownFileType = folder.assetcatalog; path = Assets.xcassets; sourceTree = "<group>"; };
/* End PBXFileReference section */

/* Begin PBXFrameworksBuildPhase section */
		FADBAABB20B9E99D007181C2 /* Frameworks */ = {
			isa = PBXFrameworksBuildPhase;
			buildActionMask = 2147483647;
			files = (
				75BB527BCC5153105D2EE965 /* Pods_Shoppr.framework in Frameworks */,
			);
			runOnlyForDeploymentPostprocessing = 0;
		};
/* End PBXFrameworksBuildPhase section */

/* Begin PBXGroup section */
		D08715B0145351ED4E22CE3C /* Frameworks */ = {
			isa = PBXGroup;
			children = (
				8D13881110DD0803DDC5CFDC /* Pods_Shoppr.framework */,
			);
			name = Frameworks;
			sourceTree = "<group>";
		};
		F04834462310958ED5CC7C19 /* Pods */ = {
			isa = PBXGroup;
			children = (
				819A7AA6DAE2340428C5C73D /* Pods-Shoppr.debug.xcconfig */,
				896F7D066ED6DCAF97F73FBA /* Pods-Shoppr.release.xcconfig */,
			);
			name = Pods;
			sourceTree = "<group>";
		};
		FADBAAB520B9E99D007181C2 = {
			isa = PBXGroup;
			children = (
				FADBAAC020B9E99D007181C2 /* Shoppr */,
				FADBAABF20B9E99D007181C2 /* Products */,
				F04834462310958ED5CC7C19 /* Pods */,
				D08715B0145351ED4E22CE3C /* Frameworks */,
			);
			sourceTree = "<group>";
		};
		FADBAABF20B9E99D007181C2 /* Products */ = {
			isa = PBXGroup;
			children = (
				FADBAABE20B9E99D007181C2 /* Shoppr.app */,
			);
			name = Products;
			sourceTree = "<group>";
		};
		FADBAAC020B9E99D007181C2 /* Shoppr */ = {
			isa = PBXGroup;
			children = (
				FA5CF36020B9F2D4009880A7 /* LaunchScreen.storyboard */,
				FA5CF36220B9F2D4009880A7 /* Main.storyboard */,
				FA00755620BB44EC0086857C /* itemDetailView.swift */,
				FA5CF36C20BA2803009880A7 /* userJoin.swift */,
				FA5CF37020BA2916009880A7 /* IndividualUser.swift */,
				FA5CF35820B9F286009880A7 /* AppDelegate.swift */,
				FA5CF36820B9FACE009880A7 /* Item.swift */,
				FA5CF36A20B9FC30009880A7 /* ItemCell.swift */,
				FA5CF35920B9F286009880A7 /* Info.plist */,
				FA5CF36620B9FA32009880A7 /* GoogleService-Info.plist */,
				FA5CF35A20B9F286009880A7 /* MainTVC.swift */,
				FA5CF35B20B9F286009880A7 /* PersonalTVC.swift */,
				FADBAAC820B9E99D007181C2 /* Assets.xcassets */,
				FA5CF35720B9F285009880A7 /* Shoppr-Bridging-Header.h */,
			);
			path = Shoppr;
			sourceTree = "<group>";
		};
/* End PBXGroup section */

/* Begin PBXNativeTarget section */
		FADBAABD20B9E99D007181C2 /* Shoppr */ = {
			isa = PBXNativeTarget;
			buildConfigurationList = FADBAAD020B9E99D007181C2 /* Build configuration list for PBXNativeTarget "Shoppr" */;
			buildPhases = (
				D5F506F269073159AC28AE79 /* [CP] Check Pods Manifest.lock */,
				FADBAABA20B9E99D007181C2 /* Sources */,
				FADBAABB20B9E99D007181C2 /* Frameworks */,
				FADBAABC20B9E99D007181C2 /* Resources */,
				A8233C8925407E05A8649533 /* [CP] Embed Pods Frameworks */,
			);
			buildRules = (
			);
			dependencies = (
			);
			name = Shoppr;
			productName = Shoppr;
			productReference = FADBAABE20B9E99D007181C2 /* Shoppr.app */;
			productType = "com.apple.product-type.application";
		};
/* End PBXNativeTarget section */

/* Begin PBXProject section */
		FADBAAB620B9E99D007181C2 /* Project object */ = {
			isa = PBXProject;
			attributes = {
				LastSwiftUpdateCheck = 0920;
				LastUpgradeCheck = 0920;
				ORGANIZATIONNAME = "Jacky Huang";
				TargetAttributes = {
					FADBAABD20B9E99D007181C2 = {
						CreatedOnToolsVersion = 9.2;
						LastSwiftMigration = 0920;
						ProvisioningStyle = Automatic;
					};
				};
			};
			buildConfigurationList = FADBAAB920B9E99D007181C2 /* Build configuration list for PBXProject "Shoppr" */;
			compatibilityVersion = "Xcode 8.0";
			developmentRegion = en;
			hasScannedForEncodings = 0;
			knownRegions = (
				en,
				Base,
			);
			mainGroup = FADBAAB520B9E99D007181C2;
			productRefGroup = FADBAABF20B9E99D007181C2 /* Products */;
			projectDirPath = "";
			projectRoot = "";
			targets = (
				FADBAABD20B9E99D007181C2 /* Shoppr */,
			);
		};
/* End PBXProject section */

/* Begin PBXResourcesBuildPhase section */
		FADBAABC20B9E99D007181C2 /* Resources */ = {
			isa = PBXResourcesBuildPhase;
			buildActionMask = 2147483647;
			files = (
				FA5CF36420B9F2D4009880A7 /* LaunchScreen.storyboard in Resources */,
				FA5CF35D20B9F286009880A7 /* Info.plist in Resources */,
				FA5CF36720B9FA32009880A7 /* GoogleService-Info.plist in Resources */,
				FADBAAC920B9E99D007181C2 /* Assets.xcassets in Resources */,
				FA5CF36520B9F2D4009880A7 /* Main.storyboard in Resources */,
			);
			runOnlyForDeploymentPostprocessing = 0;
		};
/* End PBXResourcesBuildPhase section */

/* Begin PBXShellScriptBuildPhase section */
		A8233C8925407E05A8649533 /* [CP] Embed Pods Frameworks */ = {
			isa = PBXShellScriptBuildPhase;
			buildActionMask = 2147483647;
			files = (
			);
			inputPaths = (
				"${SRCROOT}/Pods/Target Support Files/Pods-Shoppr/Pods-Shoppr-frameworks.sh",
				"${BUILT_PRODUCTS_DIR}/GTMSessionFetcher/GTMSessionFetcher.framework",
				"${BUILT_PRODUCTS_DIR}/GoogleAPIClientForREST/GoogleAPIClientForREST.framework",
				"${BUILT_PRODUCTS_DIR}/GoogleToolboxForMac/GoogleToolboxForMac.framework",
				"${BUILT_PRODUCTS_DIR}/Protobuf/Protobuf.framework",
				"${BUILT_PRODUCTS_DIR}/leveldb-library/leveldb.framework",
				"${BUILT_PRODUCTS_DIR}/nanopb/nanopb.framework",
			);
			name = "[CP] Embed Pods Frameworks";
			outputPaths = (
				"${TARGET_BUILD_DIR}/${FRAMEWORKS_FOLDER_PATH}/GTMSessionFetcher.framework",
				"${TARGET_BUILD_DIR}/${FRAMEWORKS_FOLDER_PATH}/GoogleAPIClientForREST.framework",
				"${TARGET_BUILD_DIR}/${FRAMEWORKS_FOLDER_PATH}/GoogleToolboxForMac.framework",
				"${TARGET_BUILD_DIR}/${FRAMEWORKS_FOLDER_PATH}/Protobuf.framework",
				"${TARGET_BUILD_DIR}/${FRAMEWORKS_FOLDER_PATH}/leveldb.framework",
				"${TARGET_BUILD_DIR}/${FRAMEWORKS_FOLDER_PATH}/nanopb.framework",
			);
			runOnlyForDeploymentPostprocessing = 0;
			shellPath = /bin/sh;
			shellScript = "\"${SRCROOT}/Pods/Target Support Files/Pods-Shoppr/Pods-Shoppr-frameworks.sh\"\n";
			showEnvVarsInLog = 0;
		};
		D5F506F269073159AC28AE79 /* [CP] Check Pods Manifest.lock */ = {
			isa = PBXShellScriptBuildPhase;
			buildActionMask = 2147483647;
			files = (
			);
			inputPaths = (
				"${PODS_PODFILE_DIR_PATH}/Podfile.lock",
				"${PODS_ROOT}/Manifest.lock",
			);
			name = "[CP] Check Pods Manifest.lock";
			outputPaths = (
				"$(DERIVED_FILE_DIR)/Pods-Shoppr-checkManifestLockResult.txt",
			);
			runOnlyForDeploymentPostprocessing = 0;
			shellPath = /bin/sh;
			shellScript = "diff \"${PODS_PODFILE_DIR_PATH}/Podfile.lock\" \"${PODS_ROOT}/Manifest.lock\" > /dev/null\nif [ $? != 0 ] ; then\n    # print error to STDERR\n    echo \"error: The sandbox is not in sync with the Podfile.lock. Run 'pod install' or update your CocoaPods installation.\" >&2\n    exit 1\nfi\n# This output is used by Xcode 'outputs' to avoid re-running this script phase.\necho \"SUCCESS\" > \"${SCRIPT_OUTPUT_FILE_0}\"\n";
			showEnvVarsInLog = 0;
		};
/* End PBXShellScriptBuildPhase section */

/* Begin PBXSourcesBuildPhase section */
		FADBAABA20B9E99D007181C2 /* Sources */ = {
			isa = PBXSourcesBuildPhase;
			buildActionMask = 2147483647;
			files = (
				FA5CF36920B9FACE009880A7 /* Item.swift in Sources */,
				FA5CF35E20B9F286009880A7 /* MainTVC.swift in Sources */,
				FA5CF35F20B9F286009880A7 /* PersonalTVC.swift in Sources */,
				FA5CF35C20B9F286009880A7 /* AppDelegate.swift in Sources */,
				FA00755720BB44EC0086857C /* itemDetailView.swift in Sources */,
				FA5CF36D20BA2803009880A7 /* userJoin.swift in Sources */,
				FA5CF37120BA2916009880A7 /* IndividualUser.swift in Sources */,
				FA5CF36B20B9FC30009880A7 /* ItemCell.swift in Sources */,
			);
			runOnlyForDeploymentPostprocessing = 0;
		};
/* End PBXSourcesBuildPhase section */

/* Begin PBXVariantGroup section */
		FA5CF36020B9F2D4009880A7 /* LaunchScreen.storyboard */ = {
			isa = PBXVariantGroup;
			children = (
				FA5CF36120B9F2D4009880A7 /* Base */,
			);
			name = LaunchScreen.storyboard;
			sourceTree = "<group>";
		};
		FA5CF36220B9F2D4009880A7 /* Main.storyboard */ = {
			isa = PBXVariantGroup;
			children = (
				FA5CF36320B9F2D4009880A7 /* Base */,
			);
			name = Main.storyboard;
			sourceTree = "<group>";
		};
/* End PBXVariantGroup section */

/* Begin XCBuildConfiguration section */
		FADBAACE20B9E99D007181C2 /* Debug */ = {
			isa = XCBuildConfiguration;
			buildSettings = {
				ALWAYS_SEARCH_USER_PATHS = NO;
				CLANG_ANALYZER_NONNULL = YES;
				CLANG_ANALYZER_NUMBER_OBJECT_CONVERSION = YES_AGGRESSIVE;
				CLANG_CXX_LANGUAGE_STANDARD = "gnu++14";
				CLANG_CXX_LIBRARY = "libc++";
				CLANG_ENABLE_MODULES = YES;
				CLANG_ENABLE_OBJC_ARC = YES;
				CLANG_WARN_BLOCK_CAPTURE_AUTORELEASING = YES;
				CLANG_WARN_BOOL_CONVERSION = YES;
				CLANG_WARN_COMMA = YES;
				CLANG_WARN_CONSTANT_CONVERSION = YES;
				CLANG_WARN_DIRECT_OBJC_ISA_USAGE = YES_ERROR;
				CLANG_WARN_DOCUMENTATION_COMMENTS = YES;
				CLANG_WARN_EMPTY_BODY = YES;
				CLANG_WARN_ENUM_CONVERSION = YES;
				CLANG_WARN_INFINITE_RECURSION = YES;
				CLANG_WARN_INT_CONVERSION = YES;
				CLANG_WARN_NON_LITERAL_NULL_CONVERSION = YES;
				CLANG_WARN_OBJC_LITERAL_CONVERSION = YES;
				CLANG_WARN_OBJC_ROOT_CLASS = YES_ERROR;
				CLANG_WARN_RANGE_LOOP_ANALYSIS = YES;
				CLANG_WARN_STRICT_PROTOTYPES = YES;
				CLANG_WARN_SUSPICIOUS_MOVE = YES;
				CLANG_WARN_UNGUARDED_AVAILABILITY = YES_AGGRESSIVE;
				CLANG_WARN_UNREACHABLE_CODE = YES;
				CLANG_WARN__DUPLICATE_METHOD_MATCH = YES;
				CODE_SIGN_IDENTITY = "iPhone Developer";
				COPY_PHASE_STRIP = NO;
				DEBUG_INFORMATION_FORMAT = dwarf;
				ENABLE_STRICT_OBJC_MSGSEND = YES;
				ENABLE_TESTABILITY = YES;
				GCC_C_LANGUAGE_STANDARD = gnu11;
				GCC_DYNAMIC_NO_PIC = NO;
				GCC_NO_COMMON_BLOCKS = YES;
				GCC_OPTIMIZATION_LEVEL = 0;
				GCC_PREPROCESSOR_DEFINITIONS = (
					"DEBUG=1",
					"$(inherited)",
				);
				GCC_WARN_64_TO_32_BIT_CONVERSION = YES;
				GCC_WARN_ABOUT_RETURN_TYPE = YES_ERROR;
				GCC_WARN_UNDECLARED_SELECTOR = YES;
				GCC_WARN_UNINITIALIZED_AUTOS = YES_AGGRESSIVE;
				GCC_WARN_UNUSED_FUNCTION = YES;
				GCC_WARN_UNUSED_VARIABLE = YES;
				IPHONEOS_DEPLOYMENT_TARGET = 11.2;
				MTL_ENABLE_DEBUG_INFO = YES;
				ONLY_ACTIVE_ARCH = YES;
				SDKROOT = iphoneos;
				SWIFT_ACTIVE_COMPILATION_CONDITIONS = DEBUG;
				SWIFT_OPTIMIZATION_LEVEL = "-Onone";
			};
			name = Debug;
		};
		FADBAACF20B9E99D007181C2 /* Release */ = {
			isa = XCBuildConfiguration;
			buildSettings = {
				ALWAYS_SEARCH_USER_PATHS = NO;
				CLANG_ANALYZER_NONNULL = YES;
				CLANG_ANALYZER_NUMBER_OBJECT_CONVERSION = YES_AGGRESSIVE;
				CLANG_CXX_LANGUAGE_STANDARD = "gnu++14";
				CLANG_CXX_LIBRARY = "libc++";
				CLANG_ENABLE_MODULES = YES;
				CLANG_ENABLE_OBJC_ARC = YES;
				CLANG_WARN_BLOCK_CAPTURE_AUTORELEASING = YES;
				CLANG_WARN_BOOL_CONVERSION = YES;
				CLANG_WARN_COMMA = YES;
				CLANG_WARN_CONSTANT_CONVERSION = YES;
				CLANG_WARN_DIRECT_OBJC_ISA_USAGE = YES_ERROR;
				CLANG_WARN_DOCUMENTATION_COMMENTS = YES;
				CLANG_WARN_EMPTY_BODY = YES;
				CLANG_WARN_ENUM_CONVERSION = YES;
				CLANG_WARN_INFINITE_RECURSION = YES;
				CLANG_WARN_INT_CONVERSION = YES;
				CLANG_WARN_NON_LITERAL_NULL_CONVERSION = YES;
				CLANG_WARN_OBJC_LITERAL_CONVERSION = YES;
				CLANG_WARN_OBJC_ROOT_CLASS = YES_ERROR;
				CLANG_WARN_RANGE_LOOP_ANALYSIS = YES;
				CLANG_WARN_STRICT_PROTOTYPES = YES;
				CLANG_WARN_SUSPICIOUS_MOVE = YES;
				CLANG_WARN_UNGUARDED_AVAILABILITY = YES_AGGRESSIVE;
				CLANG_WARN_UNREACHABLE_CODE = YES;
				CLANG_WARN__DUPLICATE_METHOD_MATCH = YES;
				CODE_SIGN_IDENTITY = "iPhone Developer";
				COPY_PHASE_STRIP = NO;
				DEBUG_INFORMATION_FORMAT = "dwarf-with-dsym";
				ENABLE_NS_ASSERTIONS = NO;
				ENABLE_STRICT_OBJC_MSGSEND = YES;
				GCC_C_LANGUAGE_STANDARD = gnu11;
				GCC_NO_COMMON_BLOCKS = YES;
				GCC_WARN_64_TO_32_BIT_CONVERSION = YES;
				GCC_WARN_ABOUT_RETURN_TYPE = YES_ERROR;
				GCC_WARN_UNDECLARED_SELECTOR = YES;
				GCC_WARN_UNINITIALIZED_AUTOS = YES_AGGRESSIVE;
				GCC_WARN_UNUSED_FUNCTION = YES;
				GCC_WARN_UNUSED_VARIABLE = YES;
				IPHONEOS_DEPLOYMENT_TARGET = 11.2;
				MTL_ENABLE_DEBUG_INFO = NO;
				SDKROOT = iphoneos;
				SWIFT_OPTIMIZATION_LEVEL = "-Owholemodule";
				VALIDATE_PRODUCT = YES;
			};
			name = Release;
		};
		FADBAAD120B9E99D007181C2 /* Debug */ = {
			isa = XCBuildConfiguration;
			baseConfigurationReference = 819A7AA6DAE2340428C5C73D /* Pods-Shoppr.debug.xcconfig */;
			buildSettings = {
				ASSETCATALOG_COMPILER_APPICON_NAME = AppIcon;
				CLANG_ENABLE_MODULES = YES;
				CODE_SIGN_STYLE = Automatic;
				INFOPLIST_FILE = Shoppr/Info.plist;
				LD_RUNPATH_SEARCH_PATHS = "$(inherited) @executable_path/Frameworks";
				PRODUCT_BUNDLE_IDENTIFIER = "CSC-436.Shoppr";
				PRODUCT_NAME = "$(TARGET_NAME)";
				SWIFT_OBJC_BRIDGING_HEADER = "Shoppr/Shoppr-Bridging-Header.h";
				SWIFT_OPTIMIZATION_LEVEL = "-Onone";
				SWIFT_VERSION = 4.0;
				TARGETED_DEVICE_FAMILY = "1,2";
			};
			name = Debug;
		};
		FADBAAD220B9E99D007181C2 /* Release */ = {
			isa = XCBuildConfiguration;
			baseConfigurationReference = 896F7D066ED6DCAF97F73FBA /* Pods-Shoppr.release.xcconfig */;
			buildSettings = {
				ASSETCATALOG_COMPILER_APPICON_NAME = AppIcon;
				CLANG_ENABLE_MODULES = YES;
				CODE_SIGN_STYLE = Automatic;
				INFOPLIST_FILE = Shoppr/Info.plist;
				LD_RUNPATH_SEARCH_PATHS = "$(inherited) @executable_path/Frameworks";
				PRODUCT_BUNDLE_IDENTIFIER = "CSC-436.Shoppr";
				PRODUCT_NAME = "$(TARGET_NAME)";
				SWIFT_OBJC_BRIDGING_HEADER = "Shoppr/Shoppr-Bridging-Header.h";
				SWIFT_VERSION = 4.0;
				TARGETED_DEVICE_FAMILY = "1,2";
			};
			name = Release;
		};
/* End XCBuildConfiguration section */

/* Begin XCConfigurationList section */
		FADBAAB920B9E99D007181C2 /* Build configuration list for PBXProject "Shoppr" */ = {
			isa = XCConfigurationList;
			buildConfigurations = (
				FADBAACE20B9E99D007181C2 /* Debug */,
				FADBAACF20B9E99D007181C2 /* Release */,
			);
			defaultConfigurationIsVisible = 0;
			defaultConfigurationName = Release;
		};
		FADBAAD020B9E99D007181C2 /* Build configuration list for PBXNativeTarget "Shoppr" */ = {
			isa = XCConfigurationList;
			buildConfigurations = (
				FADBAAD120B9E99D007181C2 /* Debug */,
				FADBAAD220B9E99D007181C2 /* Release */,
			);
			defaultConfigurationIsVisible = 0;
			defaultConfigurationName = Release;
		};
/* End XCConfigurationList section */
	};
	rootObject = FADBAAB620B9E99D007181C2 /* Project object */;
}
